
Microsoft Visual Studio Solution File, Format Version 12.00
# Visual Studio Version 17
VisualStudioVersion = 17.1.32421.90
MinimumVisualStudioVersion = 10.0.40219.1
Project("{FAE04EC0-301F-11D3-BF4B-00C04F79EFBC}") = "GravityCalculations", "GravityCalculations.csproj", "{AE298486-F7DE-41AF-8E1D-93DD0EE5B418}"
	ProjectSection(ProjectDependencies) = postProject
		{188EDE87-E639-49F2-9556-2EF105C34CC8} = {188EDE87-E639-49F2-9556-2EF105C34CC8}
	EndProjectSection
EndProject
Project("{FAE04EC0-301F-11D3-BF4B-00C04F79EFBC}") = "global-helpers", "..\..\..\SOFTWARE\engineering-analysis\global-helpers\global-helpers.csproj", "{C59A8B43-BDFD-47A5-BEE7-CB7DE4A86B3C}"
EndProject
Project("{FAE04EC0-301F-11D3-BF4B-00C04F79EFBC}") = "astronomy-tools", "..\..\..\SOFTWARE\engineering-analysis\astronomy-tools\astronomy-tools.csproj", "{C0C81C6B-1C1D-4F41-B057-9135BDFC2104}"
EndProject
Project("{FAE04EC0-301F-11D3-BF4B-00C04F79EFBC}") = "dxf", "..\..\..\SOFTWARE\engineering-analysis\dxf-builder\dxf\dxf.csproj", "{0A7657C2-F447-4E18-9ABB-495202761163}"
EndProject
Project("{9A19103F-16F7-4668-BE54-9A1E7A4F7556}") = "Numerics", "..\..\..\SOFTWARE\mathnet\src\Numerics\Numerics.csproj", "{188EDE87-E639-49F2-9556-2EF105C34CC8}"
EndProject
Global
	GlobalSection(SolutionConfigurationPlatforms) = preSolution
		Debug|Any CPU = Debug|Any CPU
		Release|Any CPU = Release|Any CPU
	EndGlobalSection
	GlobalSection(ProjectConfigurationPlatforms) = postSolution
		{AE298486-F7DE-41AF-8E1D-93DD0EE5B418}.Debug|Any CPU.ActiveCfg = Debug|Any CPU
		{AE298486-F7DE-41AF-8E1D-93DD0EE5B418}.Debug|Any CPU.Build.0 = Debug|Any CPU
		{AE298486-F7DE-41AF-8E1D-93DD0EE5B418}.Release|Any CPU.ActiveCfg = Release|Any CPU
		{AE298486-F7DE-41AF-8E1D-93DD0EE5B418}.Release|Any CPU.Build.0 = Release|Any CPU
		{C59A8B43-BDFD-47A5-BEE7-CB7DE4A86B3C}.Debug|Any CPU.ActiveCfg = Debug|Any CPU
		{C59A8B43-BDFD-47A5-BEE7-CB7DE4A86B3C}.Debug|Any CPU.Build.0 = Debug|Any CPU
		{C59A8B43-BDFD-47A5-BEE7-CB7DE4A86B3C}.Release|Any CPU.ActiveCfg = Release|Any CPU
		{C59A8B43-BDFD-47A5-BEE7-CB7DE4A86B3C}.Release|Any CPU.Build.0 = Release|Any CPU
		{C0C81C6B-1C1D-4F41-B057-9135BDFC2104}.Debug|Any CPU.ActiveCfg = Debug|Any CPU
		{C0C81C6B-1C1D-4F41-B057-9135BDFC2104}.Debug|Any CPU.Build.0 = Debug|Any CPU
		{C0C81C6B-1C1D-4F41-B057-9135BDFC2104}.Release|Any CPU.ActiveCfg = Release|Any CPU
		{C0C81C6B-1C1D-4F41-B057-9135BDFC2104}.Release|Any CPU.Build.0 = Release|Any CPU
		{0A7657C2-F447-4E18-9ABB-495202761163}.Debug|Any CPU.ActiveCfg = Debug|Any CPU
		{0A7657C2-F447-4E18-9ABB-495202761163}.Debug|Any CPU.Build.0 = Debug|Any CPU
		{0A7657C2-F447-4E18-9ABB-495202761163}.Release|Any CPU.ActiveCfg = Release|Any CPU
		{0A7657C2-F447-4E18-9ABB-495202761163}.Release|Any CPU.Build.0 = Release|Any CPU
		{188EDE87-E639-49F2-9556-2EF105C34CC8}.Debug|Any CPU.ActiveCfg = Debug|Any CPU
		{188EDE87-E639-49F2-9556-2EF105C34CC8}.Debug|Any CPU.Build.0 = Debug|Any CPU
		{188EDE87-E639-49F2-9556-2EF105C34CC8}.Release|Any CPU.ActiveCfg = Release|Any CPU
		{188EDE87-E639-49F2-9556-2EF105C34CC8}.Release|Any CPU.Build.0 = Release|Any CPU
	EndGlobalSection
	GlobalSection(SolutionProperties) = preSolution
		HideSolutionNode = FALSE
	EndGlobalSection
	GlobalSection(ExtensibilityGlobals) = postSolution
		SolutionGuid = {247A729A-461B-4FE2-85CF-366B0D35D9F6}
	EndGlobalSection
EndGlobal
